
Microsoft Visual Studio Solution File, Format Version 12.00
# Visual Studio Version 17
VisualStudioVersion = 17.8.34309.116
MinimumVisualStudioVersion = 10.0.40219.1
Project("{9A19103F-16F7-4668-BE54-9A1E7A4F7556}") = "AppLibrary", "AppLibrary\AppLibrary.csproj", "{6DDBE805-7264-4886-A6E1-CC47845E565A}"
EndProject
Project("{9A19103F-16F7-4668-BE54-9A1E7A4F7556}") = "CSharpConsoleApp", "CSharpConsoleApp\CSharpConsoleApp.csproj", "{810DBE46-72BB-4BFB-A504-FE124B42B905}"
EndProject
Project("{FAE04EC0-301F-11D3-BF4B-00C04F79EFBC}") = "CSharpTask.Tests", "CSharpTask.Tests\CSharpTask.Tests.csproj", "{7F83F81C-0FC3-4074-BEBB-91FD1ED4014F}"
EndProject
Global
	GlobalSection(SolutionConfigurationPlatforms) = preSolution
		Debug|Any CPU = Debug|Any CPU
		Release|Any CPU = Release|Any CPU
	EndGlobalSection
	GlobalSection(ProjectConfigurationPlatforms) = postSolution
		{6DDBE805-7264-4886-A6E1-CC47845E565A}.Debug|Any CPU.ActiveCfg = Debug|Any CPU
		{6DDBE805-7264-4886-A6E1-CC47845E565A}.Debug|Any CPU.Build.0 = Debug|Any CPU
		{6DDBE805-7264-4886-A6E1-CC47845E565A}.Release|Any CPU.ActiveCfg = Release|Any CPU
		{6DDBE805-7264-4886-A6E1-CC47845E565A}.Release|Any CPU.Build.0 = Release|Any CPU
		{810DBE46-72BB-4BFB-A504-FE124B42B905}.Debug|Any CPU.ActiveCfg = Debug|Any CPU
		{810DBE46-72BB-4BFB-A504-FE124B42B905}.Debug|Any CPU.Build.0 = Debug|Any CPU
		{810DBE46-72BB-4BFB-A504-FE124B42B905}.Release|Any CPU.ActiveCfg = Release|Any CPU
		{810DBE46-72BB-4BFB-A504-FE124B42B905}.Release|Any CPU.Build.0 = Release|Any CPU
		{7F83F81C-0FC3-4074-BEBB-91FD1ED4014F}.Debug|Any CPU.ActiveCfg = Debug|Any CPU
		{7F83F81C-0FC3-4074-BEBB-91FD1ED4014F}.Debug|Any CPU.Build.0 = Debug|Any CPU
		{7F83F81C-0FC3-4074-BEBB-91FD1ED4014F}.Release|Any CPU.ActiveCfg = Release|Any CPU
		{7F83F81C-0FC3-4074-BEBB-91FD1ED4014F}.Release|Any CPU.Build.0 = Release|Any CPU
	EndGlobalSection
	GlobalSection(SolutionProperties) = preSolution
		HideSolutionNode = FALSE
	EndGlobalSection
	GlobalSection(ExtensibilityGlobals) = postSolution
		SolutionGuid = {05D8893B-EB82-43FB-981F-A768F09A0131}
	EndGlobalSection
EndGlobal
